hash: 14fdeffc09d575d02b3ae698eb0b50f35721ff263fb228b01ee3f6061d311e7d
updated: 2017-05-23T11:28:09.753920349+08:00
imports:
- name: github.com/garyburd/redigo
  version: 0d253a66e6e1349f4581d6d2b300ee434ee2da9f
  subpackages:
  - redis
- name: github.com/sirupsen/logrus
  version: 5e5dc898656f695e2a086b8e12559febbfc01562
testImports: []
