hash: 5b15ecb0b5ffdafc23ae7eb60bf4fcc75401d4f1d77084e255a884d0e1ac7be8
updated: 2017-08-16T14:14:58.418636354+08:00
imports:
- name: github.com/garyburd/redigo
  version: 0d253a66e6e1349f4581d6d2b300ee434ee2da9f
  subpackages:
  - internal
  - redis
- name: github.com/sirupsen/logrus
  version: 5e5dc898656f695e2a086b8e12559febbfc01562
- name: golang.org/x/sys
  version: 9f7170bcd8e9f4d3691c06401119c46a769a1e03
  subpackages:
  - unix
testImports: []
